
Microsoft Visual Studio Solution File, Format Version 12.00
# Visual Studio Version 17
VisualStudioVersion = 17.11.35312.102
MinimumVisualStudioVersion = 10.0.40219.1
Project("{8BC9CEB8-8B4A-11D0-8D11-00A0C91BC942}") = "Clock", "Clock\Clock.vcxproj", "{7E200577-C16C-4061-8E44-ED6F6CFB8E54}"
EndProject
Project("{8BC9CEB8-8B4A-11D0-8D11-00A0C91BC942}") = "MultiplicationTable", "MultiplicationTable\MultiplicationTable.vcxproj", "{15E7BEEB-6294-43FE-B493-F9DF89E16749}"
EndProject
Project("{8BC9CEB8-8B4A-11D0-8D11-00A0C91BC942}") = "SumOfTwoNumbers", "SumOfTwoNumbers\SumOfTwoNumbers.vcxproj", "{BB98CBC5-26FD-4156-806F-E45AB10F8D6D}"
EndProject
Project("{8BC9CEB8-8B4A-11D0-8D11-00A0C91BC942}") = "Building", "Building\Building.vcxproj", "{80161FE6-8D85-42EF-856B-19894E08F77D}"
EndProject
Project("{8BC9CEB8-8B4A-11D0-8D11-00A0C91BC942}") = "Travelling", "Travelling\Travelling.vcxproj", "{077B99C3-C689-43D0-B105-1ABC52163380}"
EndProject
Project("{8BC9CEB8-8B4A-11D0-8D11-00A0C91BC942}") = "Combinations", "Combinations\Combinations.vcxproj", "{139AD4AA-C695-4F1D-A26B-27A19F9648DD}"
EndProject
Project("{8BC9CEB8-8B4A-11D0-8D11-00A0C91BC942}") = "NumberPyramid", "NumberPyramid\NumberPyramid.vcxproj", "{D1AD2EB9-2862-4F33-B109-77AA2D63B74F}"
EndProject
Project("{8BC9CEB8-8B4A-11D0-8D11-00A0C91BC942}") = "EqualSumsEvenOddPosition", "EqualSumsEvenOddPosition\EqualSumsEvenOddPosition.vcxproj", "{2838A798-274F-4C20-91BA-F8B4C53A420E}"
EndProject
Project("{8BC9CEB8-8B4A-11D0-8D11-00A0C91BC942}") = "SumPrimeNonPrime", "SumPrimeNonPrime\SumPrimeNonPrime.vcxproj", "{E3F16226-C5E0-453E-882B-6FB8D7E1985A}"
EndProject
Project("{8BC9CEB8-8B4A-11D0-8D11-00A0C91BC942}") = "TrainTheTrainers", "TrainTheTrainers\TrainTheTrainers.vcxproj", "{7BCCA98F-7118-45F0-8EB7-1FD083379AE8}"
EndProject
Project("{8BC9CEB8-8B4A-11D0-8D11-00A0C91BC942}") = "SpecialNumbers", "SpecialNumbers\SpecialNumbers.vcxproj", "{4053F457-A403-412B-8362-47A987171FFA}"
EndProject
Project("{8BC9CEB8-8B4A-11D0-8D11-00A0C91BC942}") = "CinemaTickets", "CinemaTickets\CinemaTickets.vcxproj", "{7797E88F-C70B-42FC-9BA7-91E7AFF284B3}"
EndProject
Project("{8BC9CEB8-8B4A-11D0-8D11-00A0C91BC942}") = "UniquePINCodes", "UniquePINCodes\UniquePINCodes.vcxproj", "{55CBFAA7-4392-40CD-A053-F07989728F80}"
EndProject
Project("{8BC9CEB8-8B4A-11D0-8D11-00A0C91BC942}") = "LettersCombinations", "LettersCombinations\LettersCombinations.vcxproj", "{BD78FEA4-6D7D-4FB6-8AFB-0B7155775994}"
EndProject
Project("{8BC9CEB8-8B4A-11D0-8D11-00A0C91BC942}") = "LuckyNumbers", "LuckyNumbers\LuckyNumbers.vcxproj", "{385E5C7B-EC3C-47DF-BB6D-936431802880}"
EndProject
Project("{8BC9CEB8-8B4A-11D0-8D11-00A0C91BC942}") = "CarNumber", "CarNumber\CarNumber.vcxproj", "{F7B5C8FC-56F7-4738-8925-17C856F075BA}"
EndProject
Project("{8BC9CEB8-8B4A-11D0-8D11-00A0C91BC942}") = "ChallengeTheWedding", "ChallengeTheWedding\ChallengeTheWedding.vcxproj", "{8F0BECF2-8BFC-4D88-A947-887EB041CE5E}"
EndProject
Project("{8BC9CEB8-8B4A-11D0-8D11-00A0C91BC942}") = "WeddingSeats", "WeddingSeats\WeddingSeats.vcxproj", "{86E01D9A-73B0-4342-9268-055DF4F9903B}"
EndProject
Project("{8BC9CEB8-8B4A-11D0-8D11-00A0C91BC942}") = "SafePasswordsGenerator", "SafePasswordsGenerator\SafePasswordsGenerator.vcxproj", "{44DCB275-61EE-4B0C-9001-181A6F4023F5}"
EndProject
Project("{8BC9CEB8-8B4A-11D0-8D11-00A0C91BC942}") = "SecretDoorLock", "SecretDoorLock\SecretDoorLock.vcxproj", "{2BA07062-1C92-4EBD-BB8A-38CC4DEB0DC5}"
EndProject
Project("{8BC9CEB8-8B4A-11D0-8D11-00A0C91BC942}") = "Profit", "Profit\Profit.vcxproj", "{A7ABDA74-8EA5-4AE0-A157-31EFCCEB2942}"
EndProject
Project("{8BC9CEB8-8B4A-11D0-8D11-00A0C91BC942}") = "HappyCatParking", "HappyCatParking\HappyCatParking.vcxproj", "{B9132064-6841-41DA-873E-17C292B2BA42}"
EndProject
Project("{8BC9CEB8-8B4A-11D0-8D11-00A0C91BC942}") = "TheSongOfTheWheels", "TheSongOfTheWheels\TheSongOfTheWheels.vcxproj", "{3E12EF60-C0FD-4908-ABDF-7BEFB64188D4}"
EndProject
Project("{8BC9CEB8-8B4A-11D0-8D11-00A0C91BC942}") = "PrimePairs", "PrimePairs\PrimePairs.vcxproj", "{D99D8BD3-95C4-4ACF-911A-F582886B1850}"
EndProject
Project("{8BC9CEB8-8B4A-11D0-8D11-00A0C91BC942}") = "PasswordGenerator", "PasswordGenerator\PasswordGenerator.vcxproj", "{24BAF33A-E309-4574-8B9B-9F643A7B34B3}"
EndProject
Global
	GlobalSection(SolutionConfigurationPlatforms) = preSolution
		Debug|x64 = Debug|x64
		Debug|x86 = Debug|x86
		Release|x64 = Release|x64
		Release|x86 = Release|x86
	EndGlobalSection
	GlobalSection(ProjectConfigurationPlatforms) = postSolution
		{7E200577-C16C-4061-8E44-ED6F6CFB8E54}.Debug|x64.ActiveCfg = Debug|x64
		{7E200577-C16C-4061-8E44-ED6F6CFB8E54}.Debug|x64.Build.0 = Debug|x64
		{7E200577-C16C-4061-8E44-ED6F6CFB8E54}.Debug|x86.ActiveCfg = Debug|Win32
		{7E200577-C16C-4061-8E44-ED6F6CFB8E54}.Debug|x86.Build.0 = Debug|Win32
		{7E200577-C16C-4061-8E44-ED6F6CFB8E54}.Release|x64.ActiveCfg = Release|x64
		{7E200577-C16C-4061-8E44-ED6F6CFB8E54}.Release|x64.Build.0 = Release|x64
		{7E200577-C16C-4061-8E44-ED6F6CFB8E54}.Release|x86.ActiveCfg = Release|Win32
		{7E200577-C16C-4061-8E44-ED6F6CFB8E54}.Release|x86.Build.0 = Release|Win32
		{15E7BEEB-6294-43FE-B493-F9DF89E16749}.Debug|x64.ActiveCfg = Debug|x64
		{15E7BEEB-6294-43FE-B493-F9DF89E16749}.Debug|x64.Build.0 = Debug|x64
		{15E7BEEB-6294-43FE-B493-F9DF89E16749}.Debug|x86.ActiveCfg = Debug|Win32
		{15E7BEEB-6294-43FE-B493-F9DF89E16749}.Debug|x86.Build.0 = Debug|Win32
		{15E7BEEB-6294-43FE-B493-F9DF89E16749}.Release|x64.ActiveCfg = Release|x64
		{15E7BEEB-6294-43FE-B493-F9DF89E16749}.Release|x64.Build.0 = Release|x64
		{15E7BEEB-6294-43FE-B493-F9DF89E16749}.Release|x86.ActiveCfg = Release|Win32
		{15E7BEEB-6294-43FE-B493-F9DF89E16749}.Release|x86.Build.0 = Release|Win32
		{BB98CBC5-26FD-4156-806F-E45AB10F8D6D}.Debug|x64.ActiveCfg = Debug|x64
		{BB98CBC5-26FD-4156-806F-E45AB10F8D6D}.Debug|x64.Build.0 = Debug|x64
		{BB98CBC5-26FD-4156-806F-E45AB10F8D6D}.Debug|x86.ActiveCfg = Debug|Win32
		{BB98CBC5-26FD-4156-806F-E45AB10F8D6D}.Debug|x86.Build.0 = Debug|Win32
		{BB98CBC5-26FD-4156-806F-E45AB10F8D6D}.Release|x64.ActiveCfg = Release|x64
		{BB98CBC5-26FD-4156-806F-E45AB10F8D6D}.Release|x64.Build.0 = Release|x64
		{BB98CBC5-26FD-4156-806F-E45AB10F8D6D}.Release|x86.ActiveCfg = Release|Win32
		{BB98CBC5-26FD-4156-806F-E45AB10F8D6D}.Release|x86.Build.0 = Release|Win32
		{80161FE6-8D85-42EF-856B-19894E08F77D}.Debug|x64.ActiveCfg = Debug|x64
		{80161FE6-8D85-42EF-856B-19894E08F77D}.Debug|x64.Build.0 = Debug|x64
		{80161FE6-8D85-42EF-856B-19894E08F77D}.Debug|x86.ActiveCfg = Debug|Win32
		{80161FE6-8D85-42EF-856B-19894E08F77D}.Debug|x86.Build.0 = Debug|Win32
		{80161FE6-8D85-42EF-856B-19894E08F77D}.Release|x64.ActiveCfg = Release|x64
		{80161FE6-8D85-42EF-856B-19894E08F77D}.Release|x64.Build.0 = Release|x64
		{80161FE6-8D85-42EF-856B-19894E08F77D}.Release|x86.ActiveCfg = Release|Win32
		{80161FE6-8D85-42EF-856B-19894E08F77D}.Release|x86.Build.0 = Release|Win32
		{077B99C3-C689-43D0-B105-1ABC52163380}.Debug|x64.ActiveCfg = Debug|x64
		{077B99C3-C689-43D0-B105-1ABC52163380}.Debug|x64.Build.0 = Debug|x64
		{077B99C3-C689-43D0-B105-1ABC52163380}.Debug|x86.ActiveCfg = Debug|Win32
		{077B99C3-C689-43D0-B105-1ABC52163380}.Debug|x86.Build.0 = Debug|Win32
		{077B99C3-C689-43D0-B105-1ABC52163380}.Release|x64.ActiveCfg = Release|x64
		{077B99C3-C689-43D0-B105-1ABC52163380}.Release|x64.Build.0 = Release|x64
		{077B99C3-C689-43D0-B105-1ABC52163380}.Release|x86.ActiveCfg = Release|Win32
		{077B99C3-C689-43D0-B105-1ABC52163380}.Release|x86.Build.0 = Release|Win32
		{139AD4AA-C695-4F1D-A26B-27A19F9648DD}.Debug|x64.ActiveCfg = Debug|x64
		{139AD4AA-C695-4F1D-A26B-27A19F9648DD}.Debug|x64.Build.0 = Debug|x64
		{139AD4AA-C695-4F1D-A26B-27A19F9648DD}.Debug|x86.ActiveCfg = Debug|Win32
		{139AD4AA-C695-4F1D-A26B-27A19F9648DD}.Debug|x86.Build.0 = Debug|Win32
		{139AD4AA-C695-4F1D-A26B-27A19F9648DD}.Release|x64.ActiveCfg = Release|x64
		{139AD4AA-C695-4F1D-A26B-27A19F9648DD}.Release|x64.Build.0 = Release|x64
		{139AD4AA-C695-4F1D-A26B-27A19F9648DD}.Release|x86.ActiveCfg = Release|Win32
		{139AD4AA-C695-4F1D-A26B-27A19F9648DD}.Release|x86.Build.0 = Release|Win32
		{D1AD2EB9-2862-4F33-B109-77AA2D63B74F}.Debug|x64.ActiveCfg = Debug|x64
		{D1AD2EB9-2862-4F33-B109-77AA2D63B74F}.Debug|x64.Build.0 = Debug|x64
		{D1AD2EB9-2862-4F33-B109-77AA2D63B74F}.Debug|x86.ActiveCfg = Debug|Win32
		{D1AD2EB9-2862-4F33-B109-77AA2D63B74F}.Debug|x86.Build.0 = Debug|Win32
		{D1AD2EB9-2862-4F33-B109-77AA2D63B74F}.Release|x64.ActiveCfg = Release|x64
		{D1AD2EB9-2862-4F33-B109-77AA2D63B74F}.Release|x64.Build.0 = Release|x64
		{D1AD2EB9-2862-4F33-B109-77AA2D63B74F}.Release|x86.ActiveCfg = Release|Win32
		{D1AD2EB9-2862-4F33-B109-77AA2D63B74F}.Release|x86.Build.0 = Release|Win32
		{2838A798-274F-4C20-91BA-F8B4C53A420E}.Debug|x64.ActiveCfg = Debug|x64
		{2838A798-274F-4C20-91BA-F8B4C53A420E}.Debug|x64.Build.0 = Debug|x64
		{2838A798-274F-4C20-91BA-F8B4C53A420E}.Debug|x86.ActiveCfg = Debug|Win32
		{2838A798-274F-4C20-91BA-F8B4C53A420E}.Debug|x86.Build.0 = Debug|Win32
		{2838A798-274F-4C20-91BA-F8B4C53A420E}.Release|x64.ActiveCfg = Release|x64
		{2838A798-274F-4C20-91BA-F8B4C53A420E}.Release|x64.Build.0 = Release|x64
		{2838A798-274F-4C20-91BA-F8B4C53A420E}.Release|x86.ActiveCfg = Release|Win32
		{2838A798-274F-4C20-91BA-F8B4C53A420E}.Release|x86.Build.0 = Release|Win32
		{E3F16226-C5E0-453E-882B-6FB8D7E1985A}.Debug|x64.ActiveCfg = Debug|x64
		{E3F16226-C5E0-453E-882B-6FB8D7E1985A}.Debug|x64.Build.0 = Debug|x64
		{E3F16226-C5E0-453E-882B-6FB8D7E1985A}.Debug|x86.ActiveCfg = Debug|Win32
		{E3F16226-C5E0-453E-882B-6FB8D7E1985A}.Debug|x86.Build.0 = Debug|Win32
		{E3F16226-C5E0-453E-882B-6FB8D7E1985A}.Release|x64.ActiveCfg = Release|x64
		{E3F16226-C5E0-453E-882B-6FB8D7E1985A}.Release|x64.Build.0 = Release|x64
		{E3F16226-C5E0-453E-882B-6FB8D7E1985A}.Release|x86.ActiveCfg = Release|Win32
		{E3F16226-C5E0-453E-882B-6FB8D7E1985A}.Release|x86.Build.0 = Release|Win32
		{7BCCA98F-7118-45F0-8EB7-1FD083379AE8}.Debug|x64.ActiveCfg = Debug|x64
		{7BCCA98F-7118-45F0-8EB7-1FD083379AE8}.Debug|x64.Build.0 = Debug|x64
		{7BCCA98F-7118-45F0-8EB7-1FD083379AE8}.Debug|x86.ActiveCfg = Debug|Win32
		{7BCCA98F-7118-45F0-8EB7-1FD083379AE8}.Debug|x86.Build.0 = Debug|Win32
		{7BCCA98F-7118-45F0-8EB7-1FD083379AE8}.Release|x64.ActiveCfg = Release|x64
		{7BCCA98F-7118-45F0-8EB7-1FD083379AE8}.Release|x64.Build.0 = Release|x64
		{7BCCA98F-7118-45F0-8EB7-1FD083379AE8}.Release|x86.ActiveCfg = Release|Win32
		{7BCCA98F-7118-45F0-8EB7-1FD083379AE8}.Release|x86.Build.0 = Release|Win32
		{4053F457-A403-412B-8362-47A987171FFA}.Debug|x64.ActiveCfg = Debug|x64
		{4053F457-A403-412B-8362-47A987171FFA}.Debug|x64.Build.0 = Debug|x64
		{4053F457-A403-412B-8362-47A987171FFA}.Debug|x86.ActiveCfg = Debug|Win32
		{4053F457-A403-412B-8362-47A987171FFA}.Debug|x86.Build.0 = Debug|Win32
		{4053F457-A403-412B-8362-47A987171FFA}.Release|x64.ActiveCfg = Release|x64
		{4053F457-A403-412B-8362-47A987171FFA}.Release|x64.Build.0 = Release|x64
		{4053F457-A403-412B-8362-47A987171FFA}.Release|x86.ActiveCfg = Release|Win32
		{4053F457-A403-412B-8362-47A987171FFA}.Release|x86.Build.0 = Release|Win32
		{7797E88F-C70B-42FC-9BA7-91E7AFF284B3}.Debug|x64.ActiveCfg = Debug|x64
		{7797E88F-C70B-42FC-9BA7-91E7AFF284B3}.Debug|x64.Build.0 = Debug|x64
		{7797E88F-C70B-42FC-9BA7-91E7AFF284B3}.Debug|x86.ActiveCfg = Debug|Win32
		{7797E88F-C70B-42FC-9BA7-91E7AFF284B3}.Debug|x86.Build.0 = Debug|Win32
		{7797E88F-C70B-42FC-9BA7-91E7AFF284B3}.Release|x64.ActiveCfg = Release|x64
		{7797E88F-C70B-42FC-9BA7-91E7AFF284B3}.Release|x64.Build.0 = Release|x64
		{7797E88F-C70B-42FC-9BA7-91E7AFF284B3}.Release|x86.ActiveCfg = Release|Win32
		{7797E88F-C70B-42FC-9BA7-91E7AFF284B3}.Release|x86.Build.0 = Release|Win32
		{55CBFAA7-4392-40CD-A053-F07989728F80}.Debug|x64.ActiveCfg = Debug|x64
		{55CBFAA7-4392-40CD-A053-F07989728F80}.Debug|x64.Build.0 = Debug|x64
		{55CBFAA7-4392-40CD-A053-F07989728F80}.Debug|x86.ActiveCfg = Debug|Win32
		{55CBFAA7-4392-40CD-A053-F07989728F80}.Debug|x86.Build.0 = Debug|Win32
		{55CBFAA7-4392-40CD-A053-F07989728F80}.Release|x64.ActiveCfg = Release|x64
		{55CBFAA7-4392-40CD-A053-F07989728F80}.Release|x64.Build.0 = Release|x64
		{55CBFAA7-4392-40CD-A053-F07989728F80}.Release|x86.ActiveCfg = Release|Win32
		{55CBFAA7-4392-40CD-A053-F07989728F80}.Release|x86.Build.0 = Release|Win32
		{BD78FEA4-6D7D-4FB6-8AFB-0B7155775994}.Debug|x64.ActiveCfg = Debug|x64
		{BD78FEA4-6D7D-4FB6-8AFB-0B7155775994}.Debug|x64.Build.0 = Debug|x64
		{BD78FEA4-6D7D-4FB6-8AFB-0B7155775994}.Debug|x86.ActiveCfg = Debug|Win32
		{BD78FEA4-6D7D-4FB6-8AFB-0B7155775994}.Debug|x86.Build.0 = Debug|Win32
		{BD78FEA4-6D7D-4FB6-8AFB-0B7155775994}.Release|x64.ActiveCfg = Release|x64
		{BD78FEA4-6D7D-4FB6-8AFB-0B7155775994}.Release|x64.Build.0 = Release|x64
		{BD78FEA4-6D7D-4FB6-8AFB-0B7155775994}.Release|x86.ActiveCfg = Release|Win32
		{BD78FEA4-6D7D-4FB6-8AFB-0B7155775994}.Release|x86.Build.0 = Release|Win32
		{385E5C7B-EC3C-47DF-BB6D-936431802880}.Debug|x64.ActiveCfg = Debug|x64
		{385E5C7B-EC3C-47DF-BB6D-936431802880}.Debug|x64.Build.0 = Debug|x64
		{385E5C7B-EC3C-47DF-BB6D-936431802880}.Debug|x86.ActiveCfg = Debug|Win32
		{385E5C7B-EC3C-47DF-BB6D-936431802880}.Debug|x86.Build.0 = Debug|Win32
		{385E5C7B-EC3C-47DF-BB6D-936431802880}.Release|x64.ActiveCfg = Release|x64
		{385E5C7B-EC3C-47DF-BB6D-936431802880}.Release|x64.Build.0 = Release|x64
		{385E5C7B-EC3C-47DF-BB6D-936431802880}.Release|x86.ActiveCfg = Release|Win32
		{385E5C7B-EC3C-47DF-BB6D-936431802880}.Release|x86.Build.0 = Release|Win32
		{F7B5C8FC-56F7-4738-8925-17C856F075BA}.Debug|x64.ActiveCfg = Debug|x64
		{F7B5C8FC-56F7-4738-8925-17C856F075BA}.Debug|x64.Build.0 = Debug|x64
		{F7B5C8FC-56F7-4738-8925-17C856F075BA}.Debug|x86.ActiveCfg = Debug|Win32
		{F7B5C8FC-56F7-4738-8925-17C856F075BA}.Debug|x86.Build.0 = Debug|Win32
		{F7B5C8FC-56F7-4738-8925-17C856F075BA}.Release|x64.ActiveCfg = Release|x64
		{F7B5C8FC-56F7-4738-8925-17C856F075BA}.Release|x64.Build.0 = Release|x64
		{F7B5C8FC-56F7-4738-8925-17C856F075BA}.Release|x86.ActiveCfg = Release|Win32
		{F7B5C8FC-56F7-4738-8925-17C856F075BA}.Release|x86.Build.0 = Release|Win32
		{8F0BECF2-8BFC-4D88-A947-887EB041CE5E}.Debug|x64.ActiveCfg = Debug|x64
		{8F0BECF2-8BFC-4D88-A947-887EB041CE5E}.Debug|x64.Build.0 = Debug|x64
		{8F0BECF2-8BFC-4D88-A947-887EB041CE5E}.Debug|x86.ActiveCfg = Debug|Win32
		{8F0BECF2-8BFC-4D88-A947-887EB041CE5E}.Debug|x86.Build.0 = Debug|Win32
		{8F0BECF2-8BFC-4D88-A947-887EB041CE5E}.Release|x64.ActiveCfg = Release|x64
		{8F0BECF2-8BFC-4D88-A947-887EB041CE5E}.Release|x64.Build.0 = Release|x64
		{8F0BECF2-8BFC-4D88-A947-887EB041CE5E}.Release|x86.ActiveCfg = Release|Win32
		{8F0BECF2-8BFC-4D88-A947-887EB041CE5E}.Release|x86.Build.0 = Release|Win32
		{86E01D9A-73B0-4342-9268-055DF4F9903B}.Debug|x64.ActiveCfg = Debug|x64
		{86E01D9A-73B0-4342-9268-055DF4F9903B}.Debug|x64.Build.0 = Debug|x64
		{86E01D9A-73B0-4342-9268-055DF4F9903B}.Debug|x86.ActiveCfg = Debug|Win32
		{86E01D9A-73B0-4342-9268-055DF4F9903B}.Debug|x86.Build.0 = Debug|Win32
		{86E01D9A-73B0-4342-9268-055DF4F9903B}.Release|x64.ActiveCfg = Release|x64
		{86E01D9A-73B0-4342-9268-055DF4F9903B}.Release|x64.Build.0 = Release|x64
		{86E01D9A-73B0-4342-9268-055DF4F9903B}.Release|x86.ActiveCfg = Release|Win32
		{86E01D9A-73B0-4342-9268-055DF4F9903B}.Release|x86.Build.0 = Release|Win32
		{44DCB275-61EE-4B0C-9001-181A6F4023F5}.Debug|x64.ActiveCfg = Debug|x64
		{44DCB275-61EE-4B0C-9001-181A6F4023F5}.Debug|x64.Build.0 = Debug|x64
		{44DCB275-61EE-4B0C-9001-181A6F4023F5}.Debug|x86.ActiveCfg = Debug|Win32
		{44DCB275-61EE-4B0C-9001-181A6F4023F5}.Debug|x86.Build.0 = Debug|Win32
		{44DCB275-61EE-4B0C-9001-181A6F4023F5}.Release|x64.ActiveCfg = Release|x64
		{44DCB275-61EE-4B0C-9001-181A6F4023F5}.Release|x64.Build.0 = Release|x64
		{44DCB275-61EE-4B0C-9001-181A6F4023F5}.Release|x86.ActiveCfg = Release|Win32
		{44DCB275-61EE-4B0C-9001-181A6F4023F5}.Release|x86.Build.0 = Release|Win32
		{2BA07062-1C92-4EBD-BB8A-38CC4DEB0DC5}.Debug|x64.ActiveCfg = Debug|x64
		{2BA07062-1C92-4EBD-BB8A-38CC4DEB0DC5}.Debug|x64.Build.0 = Debug|x64
		{2BA07062-1C92-4EBD-BB8A-38CC4DEB0DC5}.Debug|x86.ActiveCfg = Debug|Win32
		{2BA07062-1C92-4EBD-BB8A-38CC4DEB0DC5}.Debug|x86.Build.0 = Debug|Win32
		{2BA07062-1C92-4EBD-BB8A-38CC4DEB0DC5}.Release|x64.ActiveCfg = Release|x64
		{2BA07062-1C92-4EBD-BB8A-38CC4DEB0DC5}.Release|x64.Build.0 = Release|x64
		{2BA07062-1C92-4EBD-BB8A-38CC4DEB0DC5}.Release|x86.ActiveCfg = Release|Win32
		{2BA07062-1C92-4EBD-BB8A-38CC4DEB0DC5}.Release|x86.Build.0 = Release|Win32
		{A7ABDA74-8EA5-4AE0-A157-31EFCCEB2942}.Debug|x64.ActiveCfg = Debug|x64
		{A7ABDA74-8EA5-4AE0-A157-31EFCCEB2942}.Debug|x64.Build.0 = Debug|x64
		{A7ABDA74-8EA5-4AE0-A157-31EFCCEB2942}.Debug|x86.ActiveCfg = Debug|Win32
		{A7ABDA74-8EA5-4AE0-A157-31EFCCEB2942}.Debug|x86.Build.0 = Debug|Win32
		{A7ABDA74-8EA5-4AE0-A157-31EFCCEB2942}.Release|x64.ActiveCfg = Release|x64
		{A7ABDA74-8EA5-4AE0-A157-31EFCCEB2942}.Release|x64.Build.0 = Release|x64
		{A7ABDA74-8EA5-4AE0-A157-31EFCCEB2942}.Release|x86.ActiveCfg = Release|Win32
		{A7ABDA74-8EA5-4AE0-A157-31EFCCEB2942}.Release|x86.Build.0 = Release|Win32
		{B9132064-6841-41DA-873E-17C292B2BA42}.Debug|x64.ActiveCfg = Debug|x64
		{B9132064-6841-41DA-873E-17C292B2BA42}.Debug|x64.Build.0 = Debug|x64
		{B9132064-6841-41DA-873E-17C292B2BA42}.Debug|x86.ActiveCfg = Debug|Win32
		{B9132064-6841-41DA-873E-17C292B2BA42}.Debug|x86.Build.0 = Debug|Win32
		{B9132064-6841-41DA-873E-17C292B2BA42}.Release|x64.ActiveCfg = Release|x64
		{B9132064-6841-41DA-873E-17C292B2BA42}.Release|x64.Build.0 = Release|x64
		{B9132064-6841-41DA-873E-17C292B2BA42}.Release|x86.ActiveCfg = Release|Win32
		{B9132064-6841-41DA-873E-17C292B2BA42}.Release|x86.Build.0 = Release|Win32
		{3E12EF60-C0FD-4908-ABDF-7BEFB64188D4}.Debug|x64.ActiveCfg = Debug|x64
		{3E12EF60-C0FD-4908-ABDF-7BEFB64188D4}.Debug|x64.Build.0 = Debug|x64
		{3E12EF60-C0FD-4908-ABDF-7BEFB64188D4}.Debug|x86.ActiveCfg = Debug|Win32
		{3E12EF60-C0FD-4908-ABDF-7BEFB64188D4}.Debug|x86.Build.0 = Debug|Win32
		{3E12EF60-C0FD-4908-ABDF-7BEFB64188D4}.Release|x64.ActiveCfg = Release|x64
		{3E12EF60-C0FD-4908-ABDF-7BEFB64188D4}.Release|x64.Build.0 = Release|x64
		{3E12EF60-C0FD-4908-ABDF-7BEFB64188D4}.Release|x86.ActiveCfg = Release|Win32
		{3E12EF60-C0FD-4908-ABDF-7BEFB64188D4}.Release|x86.Build.0 = Release|Win32
		{D99D8BD3-95C4-4ACF-911A-F582886B1850}.Debug|x64.ActiveCfg = Debug|x64
		{D99D8BD3-95C4-4ACF-911A-F582886B1850}.Debug|x64.Build.0 = Debug|x64
		{D99D8BD3-95C4-4ACF-911A-F582886B1850}.Debug|x86.ActiveCfg = Debug|Win32
		{D99D8BD3-95C4-4ACF-911A-F582886B1850}.Debug|x86.Build.0 = Debug|Win32
		{D99D8BD3-95C4-4ACF-911A-F582886B1850}.Release|x64.ActiveCfg = Release|x64
		{D99D8BD3-95C4-4ACF-911A-F582886B1850}.Release|x64.Build.0 = Release|x64
		{D99D8BD3-95C4-4ACF-911A-F582886B1850}.Release|x86.ActiveCfg = Release|Win32
		{D99D8BD3-95C4-4ACF-911A-F582886B1850}.Release|x86.Build.0 = Release|Win32
		{24BAF33A-E309-4574-8B9B-9F643A7B34B3}.Debug|x64.ActiveCfg = Debug|x64
		{24BAF33A-E309-4574-8B9B-9F643A7B34B3}.Debug|x64.Build.0 = Debug|x64
		{24BAF33A-E309-4574-8B9B-9F643A7B34B3}.Debug|x86.ActiveCfg = Debug|Win32
		{24BAF33A-E309-4574-8B9B-9F643A7B34B3}.Debug|x86.Build.0 = Debug|Win32
		{24BAF33A-E309-4574-8B9B-9F643A7B34B3}.Release|x64.ActiveCfg = Release|x64
		{24BAF33A-E309-4574-8B9B-9F643A7B34B3}.Release|x64.Build.0 = Release|x64
		{24BAF33A-E309-4574-8B9B-9F643A7B34B3}.Release|x86.ActiveCfg = Release|Win32
		{24BAF33A-E309-4574-8B9B-9F643A7B34B3}.Release|x86.Build.0 = Release|Win32
	EndGlobalSection
	GlobalSection(SolutionProperties) = preSolution
		HideSolutionNode = FALSE
	EndGlobalSection
	GlobalSection(ExtensibilityGlobals) = postSolution
		SolutionGuid = {4572735B-A214-48F0-B0C5-BDC6C10F72CF}
	EndGlobalSection
EndGlobal
